
Microsoft Visual Studio Solution File, Format Version 11.00
# Visual Studio 2010
Project("{8BC9CEB8-8B4A-11D0-8D11-00A0C91BC942}") = "YDVaultMain", "YDVaultMain\YDVaultMain.vcxproj", "{819A2DD8-7327-48B6-9561-23DCD189A182}"
EndProject
Project("{8BC9CEB8-8B4A-11D0-8D11-00A0C91BC942}") = "Base", "Base\Base.vcxproj", "{ABA3CD99-BB4B-4597-B7ED-3CEE0A19DA7A}"
EndProject
Project("{8BC9CEB8-8B4A-11D0-8D11-00A0C91BC942}") = "ObjRef", "ObjRef\ObjRef.vcxproj", "{B2626375-AAC2-4696-B222-DA3177257CF0}"
EndProject
Project("{8BC9CEB8-8B4A-11D0-8D11-00A0C91BC942}") = "DBBase", "DBBase\DBBase.vcxproj", "{5938B0A0-79B9-41B0-BA9B-787AAA4BF46C}"
EndProject
Project("{8BC9CEB8-8B4A-11D0-8D11-00A0C91BC942}") = "UIBase", "UIBase\UIBase.vcxproj", "{6694239B-0638-4461-8A2D-272896B8A4F0}"
EndProject
Project("{8BC9CEB8-8B4A-11D0-8D11-00A0C91BC942}") = "YdCom", "YdCom\YdCom.vcxproj", "{EC661AF2-2287-4C0F-A3E6-D2939F7D1DD8}"
EndProject
Project("{8BC9CEB8-8B4A-11D0-8D11-00A0C91BC942}") = "YDUIExam", "YDUIExam\YDUIExam.vcxproj", "{9CC166DC-79CE-471E-9536-F96032A5AEA5}"
EndProject
Project("{8BC9CEB8-8B4A-11D0-8D11-00A0C91BC942}") = "YDExamObjRef", "YDExamObjRef\YDExamObjRef.vcxproj", "{1AF40E66-05BE-4DE2-9511-B9ABF5E88B3B}"
EndProject
Project("{8BC9CEB8-8B4A-11D0-8D11-00A0C91BC942}") = "ObjHelper", "ObjHelper\ObjHelper.vcxproj", "{42B2FD78-452E-445A-B317-B08B404D4C51}"
EndProject
Project("{8BC9CEB8-8B4A-11D0-8D11-00A0C91BC942}") = "WordBase", "WordBase\WordBase.vcxproj", "{7D25B1DA-1572-4A78-8B3B-8186AB24ABC8}"
EndProject
Project("{8BC9CEB8-8B4A-11D0-8D11-00A0C91BC942}") = "FtpBase", "FtpBase\FtpBase.vcxproj", "{BC30E534-F286-4A52-993E-FCC790ED7598}"
EndProject
Project("{8BC9CEB8-8B4A-11D0-8D11-00A0C91BC942}") = "YdConfig", "YdConfig\YdConfig.vcxproj", "{BE50B1F2-7F9C-4C23-89B6-B734DDBFA3EB}"
EndProject
Project("{8BC9CEB8-8B4A-11D0-8D11-00A0C91BC942}") = "YDFormUIBase", "YDFormUIBase\YDFormUIBase.vcxproj", "{E882242E-143D-4D1C-B462-3D55399FDBD5}"
EndProject
Project("{8BC9CEB8-8B4A-11D0-8D11-00A0C91BC942}") = "YDUIQuestionVault", "YDUIQuestionVault\YDUIQuestionVault.vcxproj", "{156334BC-28F3-48CC-BF9B-1AC914D7C24D}"
	ProjectSection(ProjectDependencies) = postProject
		{42B2FD78-452E-445A-B317-B08B404D4C51} = {42B2FD78-452E-445A-B317-B08B404D4C51}
	EndProjectSection
EndProject
Project("{8BC9CEB8-8B4A-11D0-8D11-00A0C91BC942}") = "YDUIExamOperate", "YDUIExamOperate\YDUIExamOperate.vcxproj", "{CD338049-3D5F-4050-BC68-0ECB16181A91}"
EndProject
Project("{8BC9CEB8-8B4A-11D0-8D11-00A0C91BC942}") = "YDUIExamDataMaintain", "YDUIExamDataMaintain\YDUIExamDataMaintain.vcxproj", "{AAB6FE82-6283-4100-90E7-760AD9E47D30}"
EndProject
Project("{8BC9CEB8-8B4A-11D0-8D11-00A0C91BC942}") = "YDUIExamInfoQuery", "YDUIExamInfoQuery\YDUIExamInfoQuery.vcxproj", "{2971263B-87BC-47FC-8288-C5E694BA8422}"
EndProject
Project("{8BC9CEB8-8B4A-11D0-8D11-00A0C91BC942}") = "YDUIUserManagement", "YDUIUserManagement\YDUIUserManagement.vcxproj", "{B1C31B4A-E7B9-43C7-AC6B-E5E8F301B816}"
EndProject
Project("{8BC9CEB8-8B4A-11D0-8D11-00A0C91BC942}") = "ExerciseMain", "ExerciseMain\ExerciseMain.vcxproj", "{ADCC31A7-D7D2-45B9-869C-EE67AD5837D9}"
EndProject
Project("{8BC9CEB8-8B4A-11D0-8D11-00A0C91BC942}") = "MainUIBase", "MainUIBase\MainUIBase.vcxproj", "{CA5B97E0-14D3-49F8-9657-2577DE567AD6}"
EndProject
Global
	GlobalSection(SolutionConfigurationPlatforms) = preSolution
		Debug|Win32 = Debug|Win32
		Release|Win32 = Release|Win32
	EndGlobalSection
	GlobalSection(ProjectConfigurationPlatforms) = postSolution
		{819A2DD8-7327-48B6-9561-23DCD189A182}.Debug|Win32.ActiveCfg = Debug|Win32
		{819A2DD8-7327-48B6-9561-23DCD189A182}.Debug|Win32.Build.0 = Debug|Win32
		{819A2DD8-7327-48B6-9561-23DCD189A182}.Release|Win32.ActiveCfg = Release|Win32
		{819A2DD8-7327-48B6-9561-23DCD189A182}.Release|Win32.Build.0 = Release|Win32
		{ABA3CD99-BB4B-4597-B7ED-3CEE0A19DA7A}.Debug|Win32.ActiveCfg = Debug|Win32
		{ABA3CD99-BB4B-4597-B7ED-3CEE0A19DA7A}.Debug|Win32.Build.0 = Debug|Win32
		{ABA3CD99-BB4B-4597-B7ED-3CEE0A19DA7A}.Release|Win32.ActiveCfg = Release|Win32
		{ABA3CD99-BB4B-4597-B7ED-3CEE0A19DA7A}.Release|Win32.Build.0 = Release|Win32
		{B2626375-AAC2-4696-B222-DA3177257CF0}.Debug|Win32.ActiveCfg = Debug|Win32
		{B2626375-AAC2-4696-B222-DA3177257CF0}.Debug|Win32.Build.0 = Debug|Win32
		{B2626375-AAC2-4696-B222-DA3177257CF0}.Release|Win32.ActiveCfg = Release|Win32
		{B2626375-AAC2-4696-B222-DA3177257CF0}.Release|Win32.Build.0 = Release|Win32
		{5938B0A0-79B9-41B0-BA9B-787AAA4BF46C}.Debug|Win32.ActiveCfg = Debug|Win32
		{5938B0A0-79B9-41B0-BA9B-787AAA4BF46C}.Debug|Win32.Build.0 = Debug|Win32
		{5938B0A0-79B9-41B0-BA9B-787AAA4BF46C}.Release|Win32.ActiveCfg = Release|Win32
		{5938B0A0-79B9-41B0-BA9B-787AAA4BF46C}.Release|Win32.Build.0 = Release|Win32
		{6694239B-0638-4461-8A2D-272896B8A4F0}.Debug|Win32.ActiveCfg = Debug|Win32
		{6694239B-0638-4461-8A2D-272896B8A4F0}.Debug|Win32.Build.0 = Debug|Win32
		{6694239B-0638-4461-8A2D-272896B8A4F0}.Release|Win32.ActiveCfg = Release|Win32
		{6694239B-0638-4461-8A2D-272896B8A4F0}.Release|Win32.Build.0 = Release|Win32
		{EC661AF2-2287-4C0F-A3E6-D2939F7D1DD8}.Debug|Win32.ActiveCfg = Debug|Win32
		{EC661AF2-2287-4C0F-A3E6-D2939F7D1DD8}.Debug|Win32.Build.0 = Debug|Win32
		{EC661AF2-2287-4C0F-A3E6-D2939F7D1DD8}.Release|Win32.ActiveCfg = Release|Win32
		{EC661AF2-2287-4C0F-A3E6-D2939F7D1DD8}.Release|Win32.Build.0 = Release|Win32
		{9CC166DC-79CE-471E-9536-F96032A5AEA5}.Debug|Win32.ActiveCfg = Debug|Win32
		{9CC166DC-79CE-471E-9536-F96032A5AEA5}.Debug|Win32.Build.0 = Debug|Win32
		{9CC166DC-79CE-471E-9536-F96032A5AEA5}.Release|Win32.ActiveCfg = Release|Win32
		{9CC166DC-79CE-471E-9536-F96032A5AEA5}.Release|Win32.Build.0 = Release|Win32
		{1AF40E66-05BE-4DE2-9511-B9ABF5E88B3B}.Debug|Win32.ActiveCfg = Debug|Win32
		{1AF40E66-05BE-4DE2-9511-B9ABF5E88B3B}.Debug|Win32.Build.0 = Debug|Win32
		{1AF40E66-05BE-4DE2-9511-B9ABF5E88B3B}.Release|Win32.ActiveCfg = Release|Win32
		{1AF40E66-05BE-4DE2-9511-B9ABF5E88B3B}.Release|Win32.Build.0 = Release|Win32
		{42B2FD78-452E-445A-B317-B08B404D4C51}.Debug|Win32.ActiveCfg = Debug|Win32
		{42B2FD78-452E-445A-B317-B08B404D4C51}.Debug|Win32.Build.0 = Debug|Win32
		{42B2FD78-452E-445A-B317-B08B404D4C51}.Release|Win32.ActiveCfg = Release|Win32
		{42B2FD78-452E-445A-B317-B08B404D4C51}.Release|Win32.Build.0 = Release|Win32
		{7D25B1DA-1572-4A78-8B3B-8186AB24ABC8}.Debug|Win32.ActiveCfg = Debug|Win32
		{7D25B1DA-1572-4A78-8B3B-8186AB24ABC8}.Debug|Win32.Build.0 = Debug|Win32
		{7D25B1DA-1572-4A78-8B3B-8186AB24ABC8}.Release|Win32.ActiveCfg = Release|Win32
		{7D25B1DA-1572-4A78-8B3B-8186AB24ABC8}.Release|Win32.Build.0 = Release|Win32
		{BC30E534-F286-4A52-993E-FCC790ED7598}.Debug|Win32.ActiveCfg = Debug|Win32
		{BC30E534-F286-4A52-993E-FCC790ED7598}.Debug|Win32.Build.0 = Debug|Win32
		{BC30E534-F286-4A52-993E-FCC790ED7598}.Release|Win32.ActiveCfg = Release|Win32
		{BC30E534-F286-4A52-993E-FCC790ED7598}.Release|Win32.Build.0 = Release|Win32
		{BE50B1F2-7F9C-4C23-89B6-B734DDBFA3EB}.Debug|Win32.ActiveCfg = Debug|Win32
		{BE50B1F2-7F9C-4C23-89B6-B734DDBFA3EB}.Debug|Win32.Build.0 = Debug|Win32
		{BE50B1F2-7F9C-4C23-89B6-B734DDBFA3EB}.Release|Win32.ActiveCfg = Release|Win32
		{BE50B1F2-7F9C-4C23-89B6-B734DDBFA3EB}.Release|Win32.Build.0 = Release|Win32
		{E882242E-143D-4D1C-B462-3D55399FDBD5}.Debug|Win32.ActiveCfg = Debug|Win32
		{E882242E-143D-4D1C-B462-3D55399FDBD5}.Debug|Win32.Build.0 = Debug|Win32
		{E882242E-143D-4D1C-B462-3D55399FDBD5}.Release|Win32.ActiveCfg = Release|Win32
		{E882242E-143D-4D1C-B462-3D55399FDBD5}.Release|Win32.Build.0 = Release|Win32
		{156334BC-28F3-48CC-BF9B-1AC914D7C24D}.Debug|Win32.ActiveCfg = Debug|Win32
		{156334BC-28F3-48CC-BF9B-1AC914D7C24D}.Debug|Win32.Build.0 = Debug|Win32
		{156334BC-28F3-48CC-BF9B-1AC914D7C24D}.Release|Win32.ActiveCfg = Release|Win32
		{156334BC-28F3-48CC-BF9B-1AC914D7C24D}.Release|Win32.Build.0 = Release|Win32
		{CD338049-3D5F-4050-BC68-0ECB16181A91}.Debug|Win32.ActiveCfg = Debug|Win32
		{CD338049-3D5F-4050-BC68-0ECB16181A91}.Debug|Win32.Build.0 = Debug|Win32
		{CD338049-3D5F-4050-BC68-0ECB16181A91}.Release|Win32.ActiveCfg = Release|Win32
		{CD338049-3D5F-4050-BC68-0ECB16181A91}.Release|Win32.Build.0 = Release|Win32
		{AAB6FE82-6283-4100-90E7-760AD9E47D30}.Debug|Win32.ActiveCfg = Debug|Win32
		{AAB6FE82-6283-4100-90E7-760AD9E47D30}.Debug|Win32.Build.0 = Debug|Win32
		{AAB6FE82-6283-4100-90E7-760AD9E47D30}.Release|Win32.ActiveCfg = Release|Win32
		{AAB6FE82-6283-4100-90E7-760AD9E47D30}.Release|Win32.Build.0 = Release|Win32
		{2971263B-87BC-47FC-8288-C5E694BA8422}.Debug|Win32.ActiveCfg = Debug|Win32
		{2971263B-87BC-47FC-8288-C5E694BA8422}.Debug|Win32.Build.0 = Debug|Win32
		{2971263B-87BC-47FC-8288-C5E694BA8422}.Release|Win32.ActiveCfg = Release|Win32
		{2971263B-87BC-47FC-8288-C5E694BA8422}.Release|Win32.Build.0 = Release|Win32
		{B1C31B4A-E7B9-43C7-AC6B-E5E8F301B816}.Debug|Win32.ActiveCfg = Debug|Win32
		{B1C31B4A-E7B9-43C7-AC6B-E5E8F301B816}.Debug|Win32.Build.0 = Debug|Win32
		{B1C31B4A-E7B9-43C7-AC6B-E5E8F301B816}.Release|Win32.ActiveCfg = Release|Win32
		{B1C31B4A-E7B9-43C7-AC6B-E5E8F301B816}.Release|Win32.Build.0 = Release|Win32
		{ADCC31A7-D7D2-45B9-869C-EE67AD5837D9}.Debug|Win32.ActiveCfg = Debug|Win32
		{ADCC31A7-D7D2-45B9-869C-EE67AD5837D9}.Debug|Win32.Build.0 = Debug|Win32
		{ADCC31A7-D7D2-45B9-869C-EE67AD5837D9}.Release|Win32.ActiveCfg = Release|Win32
		{ADCC31A7-D7D2-45B9-869C-EE67AD5837D9}.Release|Win32.Build.0 = Release|Win32
		{CA5B97E0-14D3-49F8-9657-2577DE567AD6}.Debug|Win32.ActiveCfg = Debug|Win32
		{CA5B97E0-14D3-49F8-9657-2577DE567AD6}.Debug|Win32.Build.0 = Debug|Win32
		{CA5B97E0-14D3-49F8-9657-2577DE567AD6}.Release|Win32.ActiveCfg = Release|Win32
		{CA5B97E0-14D3-49F8-9657-2577DE567AD6}.Release|Win32.Build.0 = Release|Win32
	EndGlobalSection
	GlobalSection(SolutionProperties) = preSolution
		HideSolutionNode = FALSE
	EndGlobalSection
	GlobalSection(SubversionScc) = preSolution
		Svn-Managed = True
		Manager = AnkhSVN - Subversion Support for Visual Studio
	EndGlobalSection
EndGlobal
